// !$*UTF8*$!
{
	archiveVersion = 1;
	classes = {
	};
	objectVersion = 50;
	objects = {

/* Begin PBXBuildFile section */
		2CB5076624E6AAC30061BC65 /* AppDelegate.swift in Sources */ = {isa = PBXBuildFile; fileRef = 2CB5076524E6AAC30061BC65 /* AppDelegate.swift */; };
		2CB5076824E6AAC40061BC65 /* SceneDelegate.swift in Sources */ = {isa = PBXBuildFile; fileRef = 2CB5076724E6AAC40061BC65 /* SceneDelegate.swift */; };
		2CB5076A24E6AAC40061BC65 /* TodoListViewController.swift in Sources */ = {isa = PBXBuildFile; fileRef = 2CB5076924E6AAC40061BC65 /* TodoListViewController.swift */; };
		2CB5076D24E6AAC40061BC65 /* Main.storyboard in Resources */ = {isa = PBXBuildFile; fileRef = 2CB5076B24E6AAC40061BC65 /* Main.storyboard */; };
		2CB5076F24E6AAC60061BC65 /* Assets.xcassets in Resources */ = {isa = PBXBuildFile; fileRef = 2CB5076E24E6AAC60061BC65 /* Assets.xcassets */; };
		2CB5077224E6AAC60061BC65 /* LaunchScreen.storyboard in Resources */ = {isa = PBXBuildFile; fileRef = 2CB5077024E6AAC60061BC65 /* LaunchScreen.storyboard */; };
		2CB5077D24E6D7730061BC65 /* Item.swift in Sources */ = {isa = PBXBuildFile; fileRef = 2CB5077C24E6D7730061BC65 /* Item.swift */; };
/* End PBXBuildFile section */

/* Begin PBXFileReference section */
		2CB5076224E6AAC30061BC65 /* To Doooo.app */ = {isa = PBXFileReference; explicitFileType = wrapper.application; includeInIndex = 0; path = "To Doooo.app"; sourceTree = BUILT_PRODUCTS_DIR; };
		2CB5076524E6AAC30061BC65 /* AppDelegate.swift */ = {isa = PBXFileReference; lastKnownFileType = sourcecode.swift; path = AppDelegate.swift; sourceTree = "<group>"; };
		2CB5076724E6AAC40061BC65 /* SceneDelegate.swift */ = {isa = PBXFileReference; lastKnownFileType = sourcecode.swift; path = SceneDelegate.swift; sourceTree = "<group>"; };
		2CB5076924E6AAC40061BC65 /* TodoListViewController.swift */ = {isa = PBXFileReference; lastKnownFileType = sourcecode.swift; path = TodoListViewController.swift; sourceTree = "<group>"; };
		2CB5076C24E6AAC40061BC65 /* Base */ = {isa = PBXFileReference; lastKnownFileType = file.storyboard; name = Base; path = Base.lproj/Main.storyboard; sourceTree = "<group>"; };
		2CB5076E24E6AAC60061BC65 /* Assets.xcassets */ = {isa = PBXFileReference; lastKnownFileType = folder.assetcatalog; path = Assets.xcassets; sourceTree = "<group>"; };
		2CB5077124E6AAC60061BC65 /* Base */ = {isa = PBXFileReference; lastKnownFileType = file.storyboard; name = Base; path = Base.lproj/LaunchScreen.storyboard; sourceTree = "<group>"; };
		2CB5077324E6AAC60061BC65 /* Info.plist */ = {isa = PBXFileReference; lastKnownFileType = text.plist.xml; path = Info.plist; sourceTree = "<group>"; };
		2CB5077C24E6D7730061BC65 /* Item.swift */ = {isa = PBXFileReference; lastKnownFileType = sourcecode.swift; path = Item.swift; sourceTree = "<group>"; };
/* End PBXFileReference section */

/* Begin PBXFrameworksBuildPhase section */
		2CB5075F24E6AAC30061BC65 /* Frameworks */ = {
			isa = PBXFrameworksBuildPhase;
			buildActionMask = 2147483647;
			files = (
			);
			runOnlyForDeploymentPostprocessing = 0;
		};
/* End PBXFrameworksBuildPhase section */

/* Begin PBXGroup section */
		2CB5075924E6AAC30061BC65 = {
			isa = PBXGroup;
			children = (
				2CB5076424E6AAC30061BC65 /* To Doooo */,
				2CB5076324E6AAC30061BC65 /* Products */,
			);
			sourceTree = "<group>";
		};
		2CB5076324E6AAC30061BC65 /* Products */ = {
			isa = PBXGroup;
			children = (
				2CB5076224E6AAC30061BC65 /* To Doooo.app */,
			);
			name = Products;
			sourceTree = "<group>";
		};
		2CB5076424E6AAC30061BC65 /* To Doooo */ = {
			isa = PBXGroup;
			children = (
				2CB5076524E6AAC30061BC65 /* AppDelegate.swift */,
				2CB5076724E6AAC40061BC65 /* SceneDelegate.swift */,
				2CB5077B24E6D7560061BC65 /* Models */,
				2CB5077A24E6D74A0061BC65 /* Views */,
				2CB5077924E6D73E0061BC65 /* Controller */,
				2CB5076E24E6AAC60061BC65 /* Assets.xcassets */,
				2CB5077024E6AAC60061BC65 /* LaunchScreen.storyboard */,
				2CB5077324E6AAC60061BC65 /* Info.plist */,
			);
			path = "To Doooo";
			sourceTree = "<group>";
		};
		2CB5077924E6D73E0061BC65 /* Controller */ = {
			isa = PBXGroup;
			children = (
				2CB5076924E6AAC40061BC65 /* TodoListViewController.swift */,
			);
			path = Controller;
			sourceTree = "<group>";
		};
		2CB5077A24E6D74A0061BC65 /* Views */ = {
			isa = PBXGroup;
			children = (
				2CB5076B24E6AAC40061BC65 /* Main.storyboard */,
			);
			path = Views;
			sourceTree = "<group>";
		};
		2CB5077B24E6D7560061BC65 /* Models */ = {
			isa = PBXGroup;
			children = (
				2CB5077C24E6D7730061BC65 /* Item.swift */,
			);
			path = Models;
			sourceTree = "<group>";
		};
/* End PBXGroup section */

/* Begin PBXNativeTarget section */
		2CB5076124E6AAC30061BC65 /* To Doooo */ = {
			isa = PBXNativeTarget;
			buildConfigurationList = 2CB5077624E6AAC60061BC65 /* Build configuration list for PBXNativeTarget "To Doooo" */;
			buildPhases = (
				2CB5075E24E6AAC30061BC65 /* Sources */,
				2CB5075F24E6AAC30061BC65 /* Frameworks */,
				2CB5076024E6AAC30061BC65 /* Resources */,
			);
			buildRules = (
			);
			dependencies = (
			);
			name = "To Doooo";
			productName = "To Doooo";
			productReference = 2CB5076224E6AAC30061BC65 /* To Doooo.app */;
			productType = "com.apple.product-type.application";
		};
/* End PBXNativeTarget section */

/* Begin PBXProject section */
		2CB5075A24E6AAC30061BC65 /* Project object */ = {
			isa = PBXProject;
			attributes = {
				LastSwiftUpdateCheck = 1160;
				LastUpgradeCheck = 1160;
				ORGANIZATIONNAME = "Fahim Shahriar";
				TargetAttributes = {
					2CB5076124E6AAC30061BC65 = {
						CreatedOnToolsVersion = 11.6;
					};
				};
			};
			buildConfigurationList = 2CB5075D24E6AAC30061BC65 /* Build configuration list for PBXProject "To Doooo" */;
			compatibilityVersion = "Xcode 9.3";
			developmentRegion = en;
			hasScannedForEncodings = 0;
			knownRegions = (
				en,
				Base,
			);
			mainGroup = 2CB5075924E6AAC30061BC65;
			productRefGroup = 2CB5076324E6AAC30061BC65 /* Products */;
			projectDirPath = "";
			projectRoot = "";
			targets = (
				2CB5076124E6AAC30061BC65 /* To Doooo */,
			);
		};
/* End PBXProject section */

/* Begin PBXResourcesBuildPhase section */
		2CB5076024E6AAC30061BC65 /* Resources */ = {
			isa = PBXResourcesBuildPhase;
			buildActionMask = 2147483647;
			files = (
				2CB5077224E6AAC60061BC65 /* LaunchScreen.storyboard in Resources */,
				2CB5076F24E6AAC60061BC65 /* Assets.xcassets in Resources */,
				2CB5076D24E6AAC40061BC65 /* Main.storyboard in Resources */,
			);
			runOnlyForDeploymentPostprocessing = 0;
		};
/* End PBXResourcesBuildPhase section */

/* Begin PBXSourcesBuildPhase section */
		2CB5075E24E6AAC30061BC65 /* Sources */ = {
			isa = PBXSourcesBuildPhase;
			buildActionMask = 2147483647;
			files = (
				2CB5077D24E6D7730061BC65 /* Item.swift in Sources */,
				2CB5076A24E6AAC40061BC65 /* TodoListViewController.swift in Sources */,
				2CB5076624E6AAC30061BC65 /* AppDelegate.swift in Sources */,
				2CB5076824E6AAC40061BC65 /* SceneDelegate.swift in Sources */,
			);
			runOnlyForDeploymentPostprocessing = 0;
		};
/* End PBXSourcesBuildPhase section */

/* Begin PBXVariantGroup section */
		2CB5076B24E6AAC40061BC65 /* Main.storyboard */ = {
			isa = PBXVariantGroup;
			children = (
				2CB5076C24E6AAC40061BC65 /* Base */,
			);
			name = Main.storyboard;
			sourceTree = "<group>";
		};
		2CB5077024E6AAC60061BC65 /* LaunchScreen.storyboard */ = {
			isa = PBXVariantGroup;
			children = (
				2CB5077124E6AAC60061BC65 /* Base */,
			);
			name = LaunchScreen.storyboard;
			sourceTree = "<group>";
		};
/* End PBXVariantGroup section */

/* Begin XCBuildConfiguration section */
		2CB5077424E6AAC60061BC65 /* Debug */ = {
			isa = XCBuildConfiguration;
			buildSettings = {
				ALWAYS_SEARCH_USER_PATHS = NO;
				CLANG_ANALYZER_NONNULL = YES;
				CLANG_ANALYZER_NUMBER_OBJECT_CONVERSION = YES_AGGRESSIVE;
				CLANG_CXX_LANGUAGE_STANDARD = "gnu++14";
				CLANG_CXX_LIBRARY = "libc++";
				CLANG_ENABLE_MODULES = YES;
				CLANG_ENABLE_OBJC_ARC = YES;
				CLANG_ENABLE_OBJC_WEAK = YES;
				CLANG_WARN_BLOCK_CAPTURE_AUTORELEASING = YES;
				CLANG_WARN_BOOL_CONVERSION = YES;
				CLANG_WARN_COMMA = YES;
				CLANG_WARN_CONSTANT_CONVERSION = YES;
				CLANG_WARN_DEPRECATED_OBJC_IMPLEMENTATIONS = YES;
				CLANG_WARN_DIRECT_OBJC_ISA_USAGE = YES_ERROR;
				CLANG_WARN_DOCUMENTATION_COMMENTS = YES;
				CLANG_WARN_EMPTY_BODY = YES;
				CLANG_WARN_ENUM_CONVERSION = YES;
				CLANG_WARN_INFINITE_RECURSION = YES;
				CLANG_WARN_INT_CONVERSION = YES;
				CLANG_WARN_NON_LITERAL_NULL_CONVERSION = YES;
				CLANG_WARN_OBJC_IMPLICIT_RETAIN_SELF = YES;
				CLANG_WARN_OBJC_LITERAL_CONVERSION = YES;
				CLANG_WARN_OBJC_ROOT_CLASS = YES_ERROR;
				CLANG_WARN_RANGE_LOOP_ANALYSIS = YES;
				CLANG_WARN_STRICT_PROTOTYPES = YES;
				CLANG_WARN_SUSPICIOUS_MOVE = YES;
				CLANG_WARN_UNGUARDED_AVAILABILITY = YES_AGGRESSIVE;
				CLANG_WARN_UNREACHABLE_CODE = YES;
				CLANG_WARN__DUPLICATE_METHOD_MATCH = YES;
				COPY_PHASE_STRIP = NO;
				DEBUG_INFORMATION_FORMAT = dwarf;
				ENABLE_STRICT_OBJC_MSGSEND = YES;
				ENABLE_TESTABILITY = YES;
				GCC_C_LANGUAGE_STANDARD = gnu11;
				GCC_DYNAMIC_NO_PIC = NO;
				GCC_NO_COMMON_BLOCKS = YES;
				GCC_OPTIMIZATION_LEVEL = 0;
				GCC_PREPROCESSOR_DEFINITIONS = (
					"DEBUG=1",
					"$(inherited)",
				);
				GCC_WARN_64_TO_32_BIT_CONVERSION = YES;
				GCC_WARN_ABOUT_RETURN_TYPE = YES_ERROR;
				GCC_WARN_UNDECLARED_SELECTOR = YES;
				GCC_WARN_UNINITIALIZED_AUTOS = YES_AGGRESSIVE;
				GCC_WARN_UNUSED_FUNCTION = YES;
				GCC_WARN_UNUSED_VARIABLE = YES;
				IPHONEOS_DEPLOYMENT_TARGET = 13.6;
				MTL_ENABLE_DEBUG_INFO = INCLUDE_SOURCE;
				MTL_FAST_MATH = YES;
				ONLY_ACTIVE_ARCH = YES;
				SDKROOT = iphoneos;
				SWIFT_ACTIVE_COMPILATION_CONDITIONS = DEBUG;
				SWIFT_OPTIMIZATION_LEVEL = "-Onone";
			};
			name = Debug;
		};
		2CB5077524E6AAC60061BC65 /* Release */ = {
			isa = XCBuildConfiguration;
			buildSettings = {
				ALWAYS_SEARCH_USER_PATHS = NO;
				CLANG_ANALYZER_NONNULL = YES;
				CLANG_ANALYZER_NUMBER_OBJECT_CONVERSION = YES_AGGRESSIVE;
				CLANG_CXX_LANGUAGE_STANDARD = "gnu++14";
				CLANG_CXX_LIBRARY = "libc++";
				CLANG_ENABLE_MODULES = YES;
				CLANG_ENABLE_OBJC_ARC = YES;
				CLANG_ENABLE_OBJC_WEAK = YES;
				CLANG_WARN_BLOCK_CAPTURE_AUTORELEASING = YES;
				CLANG_WARN_BOOL_CONVERSION = YES;
				CLANG_WARN_COMMA = YES;
				CLANG_WARN_CONSTANT_CONVERSION = YES;
				CLANG_WARN_DEPRECATED_OBJC_IMPLEMENTATIONS = YES;
				CLANG_WARN_DIRECT_OBJC_ISA_USAGE = YES_ERROR;
				CLANG_WARN_DOCUMENTATION_COMMENTS = YES;
				CLANG_WARN_EMPTY_BODY = YES;
				CLANG_WARN_ENUM_CONVERSION = YES;
				CLANG_WARN_INFINITE_RECURSION = YES;
				CLANG_WARN_INT_CONVERSION = YES;
				CLANG_WARN_NON_LITERAL_NULL_CONVERSION = YES;
				CLANG_WARN_OBJC_IMPLICIT_RETAIN_SELF = YES;
				CLANG_WARN_OBJC_LITERAL_CONVERSION = YES;
				CLANG_WARN_OBJC_ROOT_CLASS = YES_ERROR;
				CLANG_WARN_RANGE_LOOP_ANALYSIS = YES;
				CLANG_WARN_STRICT_PROTOTYPES = YES;
				CLANG_WARN_SUSPICIOUS_MOVE = YES;
				CLANG_WARN_UNGUARDED_AVAILABILITY = YES_AGGRESSIVE;
				CLANG_WARN_UNREACHABLE_CODE = YES;
				CLANG_WARN__DUPLICATE_METHOD_MATCH = YES;
				COPY_PHASE_STRIP = NO;
				DEBUG_INFORMATION_FORMAT = "dwarf-with-dsym";
				ENABLE_NS_ASSERTIONS = NO;
				ENABLE_STRICT_OBJC_MSGSEND = YES;
				GCC_C_LANGUAGE_STANDARD = gnu11;
				GCC_NO_COMMON_BLOCKS = YES;
				GCC_WARN_64_TO_32_BIT_CONVERSION = YES;
				GCC_WARN_ABOUT_RETURN_TYPE = YES_ERROR;
				GCC_WARN_UNDECLARED_SELECTOR = YES;
				GCC_WARN_UNINITIALIZED_AUTOS = YES_AGGRESSIVE;
				GCC_WARN_UNUSED_FUNCTION = YES;
				GCC_WARN_UNUSED_VARIABLE = YES;
				IPHONEOS_DEPLOYMENT_TARGET = 13.6;
				MTL_ENABLE_DEBUG_INFO = NO;
				MTL_FAST_MATH = YES;
				SDKROOT = iphoneos;
				SWIFT_COMPILATION_MODE = wholemodule;
				SWIFT_OPTIMIZATION_LEVEL = "-O";
				VALIDATE_PRODUCT = YES;
			};
			name = Release;
		};
		2CB5077724E6AAC60061BC65 /* Debug */ = {
			isa = XCBuildConfiguration;
			buildSettings = {
				ASSETCATALOG_COMPILER_APPICON_NAME = AppIcon;
				CODE_SIGN_STYLE = Automatic;
				INFOPLIST_FILE = "To Doooo/Info.plist";
				LD_RUNPATH_SEARCH_PATHS = (
					"$(inherited)",
					"@executable_path/Frameworks",
				);
				PRODUCT_BUNDLE_IDENTIFIER = "com.fahimshahriar.To-Doooo";
				PRODUCT_NAME = "$(TARGET_NAME)";
				SWIFT_VERSION = 5.0;
				TARGETED_DEVICE_FAMILY = "1,2";
			};
			name = Debug;
		};
		2CB5077824E6AAC60061BC65 /* Release */ = {
			isa = XCBuildConfiguration;
			buildSettings = {
				ASSETCATALOG_COMPILER_APPICON_NAME = AppIcon;
				CODE_SIGN_STYLE = Automatic;
				INFOPLIST_FILE = "To Doooo/Info.plist";
				LD_RUNPATH_SEARCH_PATHS = (
					"$(inherited)",
					"@executable_path/Frameworks",
				);
				PRODUCT_BUNDLE_IDENTIFIER = "com.fahimshahriar.To-Doooo";
				PRODUCT_NAME = "$(TARGET_NAME)";
				SWIFT_VERSION = 5.0;
				TARGETED_DEVICE_FAMILY = "1,2";
			};
			name = Release;
		};
/* End XCBuildConfiguration section */

/* Begin XCConfigurationList section */
		2CB5075D24E6AAC30061BC65 /* Build configuration list for PBXProject "To Doooo" */ = {
			isa = XCConfigurationList;
			buildConfigurations = (
				2CB5077424E6AAC60061BC65 /* Debug */,
				2CB5077524E6AAC60061BC65 /* Release */,
			);
			defaultConfigurationIsVisible = 0;
			defaultConfigurationName = Release;
		};
		2CB5077624E6AAC60061BC65 /* Build configuration list for PBXNativeTarget "To Doooo" */ = {
			isa = XCConfigurationList;
			buildConfigurations = (
				2CB5077724E6AAC60061BC65 /* Debug */,
				2CB5077824E6AAC60061BC65 /* Release */,
			);
			defaultConfigurationIsVisible = 0;
			defaultConfigurationName = Release;
		};
/* End XCConfigurationList section */
	};
	rootObject = 2CB5075A24E6AAC30061BC65 /* Project object */;
}
